// !$*UTF8*$!
{
	archiveVersion = 1;
	classes = {
	};
	objectVersion = 77;
	objects = {

/* Begin PBXContainerItemProxy section */
		8ABABFB12DD492070027FDF0 /* PBXContainerItemProxy */ = {
			isa = PBXContainerItemProxy;
			containerPortal = 8ABABF9B2DD492050027FDF0 /* Project object */;
			proxyType = 1;
			remoteGlobalIDString = 8ABABFA22DD492050027FDF0;
			remoteInfo = EmpikFoto;
		};
		8ABABFBB2DD492070027FDF0 /* PBXContainerItemProxy */ = {
			isa = PBXContainerItemProxy;
			containerPortal = 8ABABF9B2DD492050027FDF0 /* Project object */;
			proxyType = 1;
			remoteGlobalIDString = 8ABABFA22DD492050027FDF0;
			remoteInfo = EmpikFoto;
		};
/* End PBXContainerItemProxy section */

/* Begin PBXFileReference section */
		8ABABFA32DD492050027FDF0 /* EmpikFoto.app */ = {isa = PBXFileReference; explicitFileType = wrapper.application; includeInIndex = 0; path = EmpikFoto.app; sourceTree = BUILT_PRODUCTS_DIR; };
		8ABABFB02DD492070027FDF0 /* EmpikFotoTests.xctest */ = {isa = PBXFileReference; explicitFileType = wrapper.cfbundle; includeInIndex = 0; path = EmpikFotoTests.xctest; sourceTree = BUILT_PRODUCTS_DIR; };
		8ABABFBA2DD492070027FDF0 /* EmpikFotoUITests.xctest */ = {isa = PBXFileReference; explicitFileType = wrapper.cfbundle; includeInIndex = 0; path = EmpikFotoUITests.xctest; sourceTree = BUILT_PRODUCTS_DIR; };
/* End PBXFileReference section */

/* Begin PBXFileSystemSynchronizedRootGroup section */
		8ABABFA52DD492050027FDF0 /* EmpikFoto */ = {
			isa = PBXFileSystemSynchronizedRootGroup;
			path = EmpikFoto;
			sourceTree = "<group>";
		};
		8ABABFB32DD492070027FDF0 /* EmpikFotoTests */ = {
			isa = PBXFileSystemSynchronizedRootGroup;
			path = EmpikFotoTests;
			sourceTree = "<group>";
		};
		8ABABFBD2DD492070027FDF0 /* EmpikFotoUITests */ = {
			isa = PBXFileSystemSynchronizedRootGroup;
			path = EmpikFotoUITests;
			sourceTree = "<group>";
		};
/* End PBXFileSystemSynchronizedRootGroup section */

/* Begin PBXFrameworksBuildPhase section */
		8ABABFA02DD492050027FDF0 /* Frameworks */ = {
			isa = PBXFrameworksBuildPhase;
			buildActionMask = 2147483647;
			files = (
			);
			runOnlyForDeploymentPostprocessing = 0;
		};
		8ABABFAD2DD492070027FDF0 /* Frameworks */ = {
			isa = PBXFrameworksBuildPhase;
			buildActionMask = 2147483647;
			files = (
			);
			runOnlyForDeploymentPostprocessing = 0;
		};
		8ABABFB72DD492070027FDF0 /* Frameworks */ = {
			isa = PBXFrameworksBuildPhase;
			buildActionMask = 2147483647;
			files = (
			);
			runOnlyForDeploymentPostprocessing = 0;
		};
/* End PBXFrameworksBuildPhase section */

/* Begin PBXGroup section */
		8ABABF9A2DD492050027FDF0 = {
			isa = PBXGroup;
			children = (
				8ABABFA52DD492050027FDF0 /* EmpikFoto */,
				8ABABFB32DD492070027FDF0 /* EmpikFotoTests */,
				8ABABFBD2DD492070027FDF0 /* EmpikFotoUITests */,
				8ABABFA42DD492050027FDF0 /* Products */,
			);
			sourceTree = "<group>";
		};
		8ABABFA42DD492050027FDF0 /* Products */ = {
			isa = PBXGroup;
			children = (
				8ABABFA32DD492050027FDF0 /* EmpikFoto.app */,
				8ABABFB02DD492070027FDF0 /* EmpikFotoTests.xctest */,
				8ABABFBA2DD492070027FDF0 /* EmpikFotoUITests.xctest */,
			);
			name = Products;
			sourceTree = "<group>";
		};
/* End PBXGroup section */

/* Begin PBXNativeTarget section */
		8ABABFA22DD492050027FDF0 /* EmpikFoto */ = {
			isa = PBXNativeTarget;
			buildConfigurationList = 8ABABFC42DD492070027FDF0 /* Build configuration list for PBXNativeTarget "EmpikFoto" */;
			buildPhases = (
				8ABABF9F2DD492050027FDF0 /* Sources */,
				8ABABFA02DD492050027FDF0 /* Frameworks */,
				8ABABFA12DD492050027FDF0 /* Resources */,
			);
			buildRules = (
			);
			dependencies = (
			);
			fileSystemSynchronizedGroups = (
				8ABABFA52DD492050027FDF0 /* EmpikFoto */,
			);
			name = EmpikFoto;
			packageProductDependencies = (
			);
			productName = EmpikFoto;
			productReference = 8ABABFA32DD492050027FDF0 /* EmpikFoto.app */;
			productType = "com.apple.product-type.application";
		};
		8ABABFAF2DD492070027FDF0 /* EmpikFotoTests */ = {
			isa = PBXNativeTarget;
			buildConfigurationList = 8ABABFC72DD492070027FDF0 /* Build configuration list for PBXNativeTarget "EmpikFotoTests" */;
			buildPhases = (
				8ABABFAC2DD492070027FDF0 /* Sources */,
				8ABABFAD2DD492070027FDF0 /* Frameworks */,
				8ABABFAE2DD492070027FDF0 /* Resources */,
			);
			buildRules = (
			);
			dependencies = (
				8ABABFB22DD492070027FDF0 /* PBXTargetDependency */,
			);
			fileSystemSynchronizedGroups = (
				8ABABFB32DD492070027FDF0 /* EmpikFotoTests */,
			);
			name = EmpikFotoTests;
			packageProductDependencies = (
			);
			productName = EmpikFotoTests;
			productReference = 8ABABFB02DD492070027FDF0 /* EmpikFotoTests.xctest */;
			productType = "com.apple.product-type.bundle.unit-test";
		};
		8ABABFB92DD492070027FDF0 /* EmpikFotoUITests */ = {
			isa = PBXNativeTarget;
			buildConfigurationList = 8ABABFCA2DD492070027FDF0 /* Build configuration list for PBXNativeTarget "EmpikFotoUITests" */;
			buildPhases = (
				8ABABFB62DD492070027FDF0 /* Sources */,
				8ABABFB72DD492070027FDF0 /* Frameworks */,
				8ABABFB82DD492070027FDF0 /* Resources */,
			);
			buildRules = (
			);
			dependencies = (
				8ABABFBC2DD492070027FDF0 /* PBXTargetDependency */,
			);
			fileSystemSynchronizedGroups = (
				8ABABFBD2DD492070027FDF0 /* EmpikFotoUITests */,
			);
			name = EmpikFotoUITests;
			packageProductDependencies = (
			);
			productName = EmpikFotoUITests;
			productReference = 8ABABFBA2DD492070027FDF0 /* EmpikFotoUITests.xctest */;
			productType = "com.apple.product-type.bundle.ui-testing";
		};
/* End PBXNativeTarget section */

/* Begin PBXProject section */
		8ABABF9B2DD492050027FDF0 /* Project object */ = {
			isa = PBXProject;
			attributes = {
				BuildIndependentTargetsInParallel = 1;
				LastSwiftUpdateCheck = 1630;
				LastUpgradeCheck = 1630;
				TargetAttributes = {
					8ABABFA22DD492050027FDF0 = {
						CreatedOnToolsVersion = 16.3;
					};
					8ABABFAF2DD492070027FDF0 = {
						CreatedOnToolsVersion = 16.3;
						TestTargetID = 8ABABFA22DD492050027FDF0;
					};
					8ABABFB92DD492070027FDF0 = {
						CreatedOnToolsVersion = 16.3;
						TestTargetID = 8ABABFA22DD492050027FDF0;
					};
				};
			};
			buildConfigurationList = 8ABABF9E2DD492050027FDF0 /* Build configuration list for PBXProject "EmpikFoto" */;
			developmentRegion = en;
			hasScannedForEncodings = 0;
			knownRegions = (
				en,
				Base,
			);
			mainGroup = 8ABABF9A2DD492050027FDF0;
			minimizedProjectReferenceProxies = 1;
			preferredProjectObjectVersion = 77;
			productRefGroup = 8ABABFA42DD492050027FDF0 /* Products */;
			projectDirPath = "";
			projectRoot = "";
			targets = (
				8ABABFA22DD492050027FDF0 /* EmpikFoto */,
				8ABABFAF2DD492070027FDF0 /* EmpikFotoTests */,
				8ABABFB92DD492070027FDF0 /* EmpikFotoUITests */,
			);
		};
/* End PBXProject section */

/* Begin PBXResourcesBuildPhase section */
		8ABABFA12DD492050027FDF0 /* Resources */ = {
			isa = PBXResourcesBuildPhase;
			buildActionMask = 2147483647;
			files = (
			);
			runOnlyForDeploymentPostprocessing = 0;
		};
		8ABABFAE2DD492070027FDF0 /* Resources */ = {
			isa = PBXResourcesBuildPhase;
			buildActionMask = 2147483647;
			files = (
			);
			runOnlyForDeploymentPostprocessing = 0;
		};
		8ABABFB82DD492070027FDF0 /* Resources */ = {
			isa = PBXResourcesBuildPhase;
			buildActionMask = 2147483647;
			files = (
			);
			runOnlyForDeploymentPostprocessing = 0;
		};
/* End PBXResourcesBuildPhase section */

/* Begin PBXSourcesBuildPhase section */
		8ABABF9F2DD492050027FDF0 /* Sources */ = {
			isa = PBXSourcesBuildPhase;
			buildActionMask = 2147483647;
			files = (
			);
			runOnlyForDeploymentPostprocessing = 0;
		};
		8ABABFAC2DD492070027FDF0 /* Sources */ = {
			isa = PBXSourcesBuildPhase;
			buildActionMask = 2147483647;
			files = (
			);
			runOnlyForDeploymentPostprocessing = 0;
		};
		8ABABFB62DD492070027FDF0 /* Sources */ = {
			isa = PBXSourcesBuildPhase;
			buildActionMask = 2147483647;
			files = (
			);
			runOnlyForDeploymentPostprocessing = 0;
		};
/* End PBXSourcesBuildPhase section */

/* Begin PBXTargetDependency section */
		8ABABFB22DD492070027FDF0 /* PBXTargetDependency */ = {
			isa = PBXTargetDependency;
			target = 8ABABFA22DD492050027FDF0 /* EmpikFoto */;
			targetProxy = 8ABABFB12DD492070027FDF0 /* PBXContainerItemProxy */;
		};
		8ABABFBC2DD492070027FDF0 /* PBXTargetDependency */ = {
			isa = PBXTargetDependency;
			target = 8ABABFA22DD492050027FDF0 /* EmpikFoto */;
			targetProxy = 8ABABFBB2DD492070027FDF0 /* PBXContainerItemProxy */;
		};
/* End PBXTargetDependency section */

/* Begin XCBuildConfiguration section */
		8ABABFC22DD492070027FDF0 /* Debug */ = {
			isa = XCBuildConfiguration;
			buildSettings = {
				ALWAYS_SEARCH_USER_PATHS = NO;
				ASSETCATALOG_COMPILER_GENERATE_SWIFT_ASSET_SYMBOL_EXTENSIONS = YES;
				CLANG_ANALYZER_NONNULL = YES;
				CLANG_ANALYZER_NUMBER_OBJECT_CONVERSION = YES_AGGRESSIVE;
				CLANG_CXX_LANGUAGE_STANDARD = "gnu++20";
				CLANG_ENABLE_MODULES = YES;
				CLANG_ENABLE_OBJC_ARC = YES;
				CLANG_ENABLE_OBJC_WEAK = YES;
				CLANG_WARN_BLOCK_CAPTURE_AUTORELEASING = YES;
				CLANG_WARN_BOOL_CONVERSION = YES;
				CLANG_WARN_COMMA = YES;
				CLANG_WARN_CONSTANT_CONVERSION = YES;
				CLANG_WARN_DEPRECATED_OBJC_IMPLEMENTATIONS = YES;
				CLANG_WARN_DIRECT_OBJC_ISA_USAGE = YES_ERROR;
				CLANG_WARN_DOCUMENTATION_COMMENTS = YES;
				CLANG_WARN_EMPTY_BODY = YES;
				CLANG_WARN_ENUM_CONVERSION = YES;
				CLANG_WARN_INFINITE_RECURSION = YES;
				CLANG_WARN_INT_CONVERSION = YES;
				CLANG_WARN_NON_LITERAL_NULL_CONVERSION = YES;
				CLANG_WARN_OBJC_IMPLICIT_RETAIN_SELF = YES;
				CLANG_WARN_OBJC_LITERAL_CONVERSION = YES;
				CLANG_WARN_OBJC_ROOT_CLASS = YES_ERROR;
				CLANG_WARN_QUOTED_INCLUDE_IN_FRAMEWORK_HEADER = YES;
				CLANG_WARN_RANGE_LOOP_ANALYSIS = YES;
				CLANG_WARN_STRICT_PROTOTYPES = YES;
				CLANG_WARN_SUSPICIOUS_MOVE = YES;
				CLANG_WARN_UNGUARDED_AVAILABILITY = YES_AGGRESSIVE;
				CLANG_WARN_UNREACHABLE_CODE = YES;
				CLANG_WARN__DUPLICATE_METHOD_MATCH = YES;
				COPY_PHASE_STRIP = NO;
				DEBUG_INFORMATION_FORMAT = dwarf;
				ENABLE_STRICT_OBJC_MSGSEND = YES;
				ENABLE_TESTABILITY = YES;
				ENABLE_USER_SCRIPT_SANDBOXING = YES;
				GCC_C_LANGUAGE_STANDARD = gnu17;
				GCC_DYNAMIC_NO_PIC = NO;
				GCC_NO_COMMON_BLOCKS = YES;
				GCC_OPTIMIZATION_LEVEL = 0;
				GCC_PREPROCESSOR_DEFINITIONS = (
					"DEBUG=1",
					"$(inherited)",
				);
				GCC_WARN_64_TO_32_BIT_CONVERSION = YES;
				GCC_WARN_ABOUT_RETURN_TYPE = YES_ERROR;
				GCC_WARN_UNDECLARED_SELECTOR = YES;
				GCC_WARN_UNINITIALIZED_AUTOS = YES_AGGRESSIVE;
				GCC_WARN_UNUSED_FUNCTION = YES;
				GCC_WARN_UNUSED_VARIABLE = YES;
				IPHONEOS_DEPLOYMENT_TARGET = 18.4;
				LOCALIZATION_PREFERS_STRING_CATALOGS = YES;
				MTL_ENABLE_DEBUG_INFO = INCLUDE_SOURCE;
				MTL_FAST_MATH = YES;
				ONLY_ACTIVE_ARCH = YES;
				SDKROOT = iphoneos;
				SWIFT_ACTIVE_COMPILATION_CONDITIONS = "DEBUG $(inherited)";
				SWIFT_OPTIMIZATION_LEVEL = "-Onone";
			};
			name = Debug;
		};
		8ABABFC32DD492070027FDF0 /* Release */ = {
			isa = XCBuildConfiguration;
			buildSettings = {
				ALWAYS_SEARCH_USER_PATHS = NO;
				ASSETCATALOG_COMPILER_GENERATE_SWIFT_ASSET_SYMBOL_EXTENSIONS = YES;
				CLANG_ANALYZER_NONNULL = YES;
				CLANG_ANALYZER_NUMBER_OBJECT_CONVERSION = YES_AGGRESSIVE;
				CLANG_CXX_LANGUAGE_STANDARD = "gnu++20";
				CLANG_ENABLE_MODULES = YES;
				CLANG_ENABLE_OBJC_ARC = YES;
				CLANG_ENABLE_OBJC_WEAK = YES;
				CLANG_WARN_BLOCK_CAPTURE_AUTORELEASING = YES;
				CLANG_WARN_BOOL_CONVERSION = YES;
				CLANG_WARN_COMMA = YES;
				CLANG_WARN_CONSTANT_CONVERSION = YES;
				CLANG_WARN_DEPRECATED_OBJC_IMPLEMENTATIONS = YES;
				CLANG_WARN_DIRECT_OBJC_ISA_USAGE = YES_ERROR;
				CLANG_WARN_DOCUMENTATION_COMMENTS = YES;
				CLANG_WARN_EMPTY_BODY = YES;
				CLANG_WARN_ENUM_CONVERSION = YES;
				CLANG_WARN_INFINITE_RECURSION = YES;
				CLANG_WARN_INT_CONVERSION = YES;
				CLANG_WARN_NON_LITERAL_NULL_CONVERSION = YES;
				CLANG_WARN_OBJC_IMPLICIT_RETAIN_SELF = YES;
				CLANG_WARN_OBJC_LITERAL_CONVERSION = YES;
				CLANG_WARN_OBJC_ROOT_CLASS = YES_ERROR;
				CLANG_WARN_QUOTED_INCLUDE_IN_FRAMEWORK_HEADER = YES;
				CLANG_WARN_RANGE_LOOP_ANALYSIS = YES;
				CLANG_WARN_STRICT_PROTOTYPES = YES;
				CLANG_WARN_SUSPICIOUS_MOVE = YES;
				CLANG_WARN_UNGUARDED_AVAILABILITY = YES_AGGRESSIVE;
				CLANG_WARN_UNREACHABLE_CODE = YES;
				CLANG_WARN__DUPLICATE_METHOD_MATCH = YES;
				COPY_PHASE_STRIP = NO;
				DEBUG_INFORMATION_FORMAT = "dwarf-with-dsym";
				ENABLE_NS_ASSERTIONS = NO;
				ENABLE_STRICT_OBJC_MSGSEND = YES;
				ENABLE_USER_SCRIPT_SANDBOXING = YES;
				GCC_C_LANGUAGE_STANDARD = gnu17;
				GCC_NO_COMMON_BLOCKS = YES;
				GCC_WARN_64_TO_32_BIT_CONVERSION = YES;
				GCC_WARN_ABOUT_RETURN_TYPE = YES_ERROR;
				GCC_WARN_UNDECLARED_SELECTOR = YES;
				GCC_WARN_UNINITIALIZED_AUTOS = YES_AGGRESSIVE;
				GCC_WARN_UNUSED_FUNCTION = YES;
				GCC_WARN_UNUSED_VARIABLE = YES;
				IPHONEOS_DEPLOYMENT_TARGET = 18.4;
				LOCALIZATION_PREFERS_STRING_CATALOGS = YES;
				MTL_ENABLE_DEBUG_INFO = NO;
				MTL_FAST_MATH = YES;
				SDKROOT = iphoneos;
				SWIFT_COMPILATION_MODE = wholemodule;
				VALIDATE_PRODUCT = YES;
			};
			name = Release;
		};
		8ABABFC52DD492070027FDF0 /* Debug */ = {
			isa = XCBuildConfiguration;
			buildSettings = {
				ASSETCATALOG_COMPILER_APPICON_NAME = AppIcon;
				ASSETCATALOG_COMPILER_GLOBAL_ACCENT_COLOR_NAME = AccentColor;
				CODE_SIGN_STYLE = Automatic;
				CURRENT_PROJECT_VERSION = 1;
				ENABLE_PREVIEWS = YES;
				GENERATE_INFOPLIST_FILE = YES;
				INFOPLIST_KEY_UIApplicationSceneManifest_Generation = YES;
				INFOPLIST_KEY_UIApplicationSupportsIndirectInputEvents = YES;
				INFOPLIST_KEY_UILaunchScreen_Generation = YES;
				INFOPLIST_KEY_UISupportedInterfaceOrientations_iPad = "UIInterfaceOrientationPortrait UIInterfaceOrientationPortraitUpsideDown UIInterfaceOrientationLandscapeLeft UIInterfaceOrientationLandscapeRight";
				INFOPLIST_KEY_UISupportedInterfaceOrientations_iPhone = "UIInterfaceOrientationPortrait UIInterfaceOrientationLandscapeLeft UIInterfaceOrientationLandscapeRight";
				LD_RUNPATH_SEARCH_PATHS = (
					"$(inherited)",
					"@executable_path/Frameworks",
				);
				MARKETING_VERSION = 1.0;
				PRODUCT_BUNDLE_IDENTIFIER = com.empik.EmpikFoto;
				PRODUCT_NAME = "$(TARGET_NAME)";
				SWIFT_EMIT_LOC_STRINGS = YES;
				SWIFT_VERSION = 5.0;
				TARGETED_DEVICE_FAMILY = "1,2";
			};
			name = Debug;
		};
		8ABABFC62DD492070027FDF0 /* Release */ = {
			isa = XCBuildConfiguration;
			buildSettings = {
				ASSETCATALOG_COMPILER_APPICON_NAME = AppIcon;
				ASSETCATALOG_COMPILER_GLOBAL_ACCENT_COLOR_NAME = AccentColor;
				CODE_SIGN_STYLE = Automatic;
				CURRENT_PROJECT_VERSION = 1;
				ENABLE_PREVIEWS = YES;
				GENERATE_INFOPLIST_FILE = YES;
				INFOPLIST_KEY_UIApplicationSceneManifest_Generation = YES;
				INFOPLIST_KEY_UIApplicationSupportsIndirectInputEvents = YES;
				INFOPLIST_KEY_UILaunchScreen_Generation = YES;
				INFOPLIST_KEY_UISupportedInterfaceOrientations_iPad = "UIInterfaceOrientationPortrait UIInterfaceOrientationPortraitUpsideDown UIInterfaceOrientationLandscapeLeft UIInterfaceOrientationLandscapeRight";
				INFOPLIST_KEY_UISupportedInterfaceOrientations_iPhone = "UIInterfaceOrientationPortrait UIInterfaceOrientationLandscapeLeft UIInterfaceOrientationLandscapeRight";
				LD_RUNPATH_SEARCH_PATHS = (
					"$(inherited)",
					"@executable_path/Frameworks",
				);
				MARKETING_VERSION = 1.0;
				PRODUCT_BUNDLE_IDENTIFIER = com.empik.EmpikFoto;
				PRODUCT_NAME = "$(TARGET_NAME)";
				SWIFT_EMIT_LOC_STRINGS = YES;
				SWIFT_VERSION = 5.0;
				TARGETED_DEVICE_FAMILY = "1,2";
			};
			name = Release;
		};
		8ABABFC82DD492070027FDF0 /* Debug */ = {
			isa = XCBuildConfiguration;
			buildSettings = {
				BUNDLE_LOADER = "$(TEST_HOST)";
				CODE_SIGN_STYLE = Automatic;
				CURRENT_PROJECT_VERSION = 1;
				GENERATE_INFOPLIST_FILE = YES;
				IPHONEOS_DEPLOYMENT_TARGET = 18.4;
				MARKETING_VERSION = 1.0;
				PRODUCT_BUNDLE_IDENTIFIER = com.empik.EmpikFotoTests;
				PRODUCT_NAME = "$(TARGET_NAME)";
				SWIFT_EMIT_LOC_STRINGS = NO;
				SWIFT_VERSION = 5.0;
				TARGETED_DEVICE_FAMILY = "1,2";
				TEST_HOST = "$(BUILT_PRODUCTS_DIR)/EmpikFoto.app/$(BUNDLE_EXECUTABLE_FOLDER_PATH)/EmpikFoto";
			};
			name = Debug;
		};
		8ABABFC92DD492070027FDF0 /* Release */ = {
			isa = XCBuildConfiguration;
			buildSettings = {
				BUNDLE_LOADER = "$(TEST_HOST)";
				CODE_SIGN_STYLE = Automatic;
				CURRENT_PROJECT_VERSION = 1;
				GENERATE_INFOPLIST_FILE = YES;
				IPHONEOS_DEPLOYMENT_TARGET = 18.4;
				MARKETING_VERSION = 1.0;
				PRODUCT_BUNDLE_IDENTIFIER = com.empik.EmpikFotoTests;
				PRODUCT_NAME = "$(TARGET_NAME)";
				SWIFT_EMIT_LOC_STRINGS = NO;
				SWIFT_VERSION = 5.0;
				TARGETED_DEVICE_FAMILY = "1,2";
				TEST_HOST = "$(BUILT_PRODUCTS_DIR)/EmpikFoto.app/$(BUNDLE_EXECUTABLE_FOLDER_PATH)/EmpikFoto";
			};
			name = Release;
		};
		8ABABFCB2DD492070027FDF0 /* Debug */ = {
			isa = XCBuildConfiguration;
			buildSettings = {
				CODE_SIGN_STYLE = Automatic;
				CURRENT_PROJECT_VERSION = 1;
				GENERATE_INFOPLIST_FILE = YES;
				MARKETING_VERSION = 1.0;
				PRODUCT_BUNDLE_IDENTIFIER = com.empik.EmpikFotoUITests;
				PRODUCT_NAME = "$(TARGET_NAME)";
				SWIFT_EMIT_LOC_STRINGS = NO;
				SWIFT_VERSION = 5.0;
				TARGETED_DEVICE_FAMILY = "1,2";
				TEST_TARGET_NAME = EmpikFoto;
			};
			name = Debug;
		};
		8ABABFCC2DD492070027FDF0 /* Release */ = {
			isa = XCBuildConfiguration;
			buildSettings = {
				CODE_SIGN_STYLE = Automatic;
				CURRENT_PROJECT_VERSION = 1;
				GENERATE_INFOPLIST_FILE = YES;
				MARKETING_VERSION = 1.0;
				PRODUCT_BUNDLE_IDENTIFIER = com.empik.EmpikFotoUITests;
				PRODUCT_NAME = "$(TARGET_NAME)";
				SWIFT_EMIT_LOC_STRINGS = NO;
				SWIFT_VERSION = 5.0;
				TARGETED_DEVICE_FAMILY = "1,2";
				TEST_TARGET_NAME = EmpikFoto;
			};
			name = Release;
		};
/* End XCBuildConfiguration section */

/* Begin XCConfigurationList section */
		8ABABF9E2DD492050027FDF0 /* Build configuration list for PBXProject "EmpikFoto" */ = {
			isa = XCConfigurationList;
			buildConfigurations = (
				8ABABFC22DD492070027FDF0 /* Debug */,
				8ABABFC32DD492070027FDF0 /* Release */,
			);
			defaultConfigurationIsVisible = 0;
			defaultConfigurationName = Release;
		};
		8ABABFC42DD492070027FDF0 /* Build configuration list for PBXNativeTarget "EmpikFoto" */ = {
			isa = XCConfigurationList;
			buildConfigurations = (
				8ABABFC52DD492070027FDF0 /* Debug */,
				8ABABFC62DD492070027FDF0 /* Release */,
			);
			defaultConfigurationIsVisible = 0;
			defaultConfigurationName = Release;
		};
		8ABABFC72DD492070027FDF0 /* Build configuration list for PBXNativeTarget "EmpikFotoTests" */ = {
			isa = XCConfigurationList;
			buildConfigurations = (
				8ABABFC82DD492070027FDF0 /* Debug */,
				8ABABFC92DD492070027FDF0 /* Release */,
			);
			defaultConfigurationIsVisible = 0;
			defaultConfigurationName = Release;
		};
		8ABABFCA2DD492070027FDF0 /* Build configuration list for PBXNativeTarget "EmpikFotoUITests" */ = {
			isa = XCConfigurationList;
			buildConfigurations = (
				8ABABFCB2DD492070027FDF0 /* Debug */,
				8ABABFCC2DD492070027FDF0 /* Release */,
			);
			defaultConfigurationIsVisible = 0;
			defaultConfigurationName = Release;
		};
/* End XCConfigurationList section */
	};
	rootObject = 8ABABF9B2DD492050027FDF0 /* Project object */;
}
